
Microsoft Visual Studio Solution File, Format Version 12.00
# Visual Studio 15
VisualStudioVersion = 15.0.28307.1209
MinimumVisualStudioVersion = 10.0.40219.1
Project("{FAE04EC0-301F-11D3-BF4B-00C04F79EFBC}") = "QLSINHVIEN", "QLSINHVIEN\QLSINHVIEN.csproj", "{7214C5FE-CEA3-4F68-9A74-211F4A79E973}"
EndProject
Global
	GlobalSection(SolutionConfigurationPlatforms) = preSolution
		Debug|Any CPU = Debug|Any CPU
		Release|Any CPU = Release|Any CPU
	EndGlobalSection
	GlobalSection(ProjectConfigurationPlatforms) = postSolution
		{7214C5FE-CEA3-4F68-9A74-211F4A79E973}.Debug|Any CPU.ActiveCfg = Debug|Any CPU
		{7214C5FE-CEA3-4F68-9A74-211F4A79E973}.Debug|Any CPU.Build.0 = Debug|Any CPU
		{7214C5FE-CEA3-4F68-9A74-211F4A79E973}.Release|Any CPU.ActiveCfg = Release|Any CPU
		{7214C5FE-CEA3-4F68-9A74-211F4A79E973}.Release|Any CPU.Build.0 = Release|Any CPU
	EndGlobalSection
	GlobalSection(SolutionProperties) = preSolution
		HideSolutionNode = FALSE
	EndGlobalSection
	GlobalSection(ExtensibilityGlobals) = postSolution
		SolutionGuid = {3A5BA61D-AA24-4657-8FC8-3DA76656B0E8}
	EndGlobalSection
EndGlobal
